
Microsoft Visual Studio Solution File, Format Version 12.00
# Visual Studio Version 17
VisualStudioVersion = 17.4.33103.184
MinimumVisualStudioVersion = 10.0.40219.1
Project("{9A19103F-16F7-4668-BE54-9A1E7A4F7556}") = "AWS.Lambda.Authorizer.Example", "AWS.Lambda.Authorizer.Example\AWS.Lambda.Authorizer.Example.csproj", "{98F68C77-F665-4BFE-AA85-6BD383DE2A19}"
EndProject
Project("{9A19103F-16F7-4668-BE54-9A1E7A4F7556}") = "AWS.Lambda.Authorizer.Example.Authentication", "AWS.Lambda.Authorizer.Example.Authentication\AWS.Lambda.Authorizer.Example.Authentication.csproj", "{AEC6AA76-6CA3-484B-BEF9-EF143B0686E6}"
EndProject
Project("{9A19103F-16F7-4668-BE54-9A1E7A4F7556}") = "AWS.Lambda.Authorizer.Example.Authorization", "AWS.Lambda.Authorizer.Example.Authorization\AWS.Lambda.Authorizer.Example.Authorization.csproj", "{C29DD487-88F6-407B-BFAC-F7F9E30216D8}"
EndProject
Global
	GlobalSection(SolutionConfigurationPlatforms) = preSolution
		Debug|Any CPU = Debug|Any CPU
		Release|Any CPU = Release|Any CPU
	EndGlobalSection
	GlobalSection(ProjectConfigurationPlatforms) = postSolution
		{98F68C77-F665-4BFE-AA85-6BD383DE2A19}.Debug|Any CPU.ActiveCfg = Debug|Any CPU
		{98F68C77-F665-4BFE-AA85-6BD383DE2A19}.Debug|Any CPU.Build.0 = Debug|Any CPU
		{98F68C77-F665-4BFE-AA85-6BD383DE2A19}.Release|Any CPU.ActiveCfg = Release|Any CPU
		{98F68C77-F665-4BFE-AA85-6BD383DE2A19}.Release|Any CPU.Build.0 = Release|Any CPU
		{AEC6AA76-6CA3-484B-BEF9-EF143B0686E6}.Debug|Any CPU.ActiveCfg = Debug|Any CPU
		{AEC6AA76-6CA3-484B-BEF9-EF143B0686E6}.Debug|Any CPU.Build.0 = Debug|Any CPU
		{AEC6AA76-6CA3-484B-BEF9-EF143B0686E6}.Release|Any CPU.ActiveCfg = Release|Any CPU
		{AEC6AA76-6CA3-484B-BEF9-EF143B0686E6}.Release|Any CPU.Build.0 = Release|Any CPU
		{C29DD487-88F6-407B-BFAC-F7F9E30216D8}.Debug|Any CPU.ActiveCfg = Debug|Any CPU
		{C29DD487-88F6-407B-BFAC-F7F9E30216D8}.Debug|Any CPU.Build.0 = Debug|Any CPU
		{C29DD487-88F6-407B-BFAC-F7F9E30216D8}.Release|Any CPU.ActiveCfg = Release|Any CPU
		{C29DD487-88F6-407B-BFAC-F7F9E30216D8}.Release|Any CPU.Build.0 = Release|Any CPU
	EndGlobalSection
	GlobalSection(SolutionProperties) = preSolution
		HideSolutionNode = FALSE
	EndGlobalSection
	GlobalSection(ExtensibilityGlobals) = postSolution
		SolutionGuid = {D5889CDD-F70C-4B08-A803-3408953A2DFF}
	EndGlobalSection
EndGlobal
